Microsoft Visual Studio Solution File, Format Version 8.00
Project("{FAE04EC0-301F-11D3-BF4B-00C04F79EFBC}") = "yeti.mmedia", "yeti.mmedia\yeti.mmedia.csproj", "{315EE7BF-EAE2-42C0-BFC6-CCA9160F3CFE}"
	ProjectSection(ProjectDependencies) = postProject
	EndProjectSection
EndProject
Project("{FAE04EC0-301F-11D3-BF4B-00C04F79EFBC}") = "yeti.mp3", "yeti.mp3\yeti.mp3.csproj", "{B564FD33-FA50-46B2-B669-2D83DE3AF5E4}"
	ProjectSection(ProjectDependencies) = postProject
	EndProjectSection
EndProject
Project("{FAE04EC0-301F-11D3-BF4B-00C04F79EFBC}") = "AudioCompress", "AudioCompress\AudioCompress.csproj", "{80F14B3E-4F84-4B54-96CA-971D4D528107}"
	ProjectSection(ProjectDependencies) = postProject
	EndProjectSection
EndProject
Global
	GlobalSection(SolutionConfiguration) = preSolution
		Debug = Debug
		Release = Release
	EndGlobalSection
	GlobalSection(ProjectConfiguration) = postSolution
		{315EE7BF-EAE2-42C0-BFC6-CCA9160F3CFE}.Debug.ActiveCfg = Debug|.NET
		{315EE7BF-EAE2-42C0-BFC6-CCA9160F3CFE}.Debug.Build.0 = Debug|.NET
		{315EE7BF-EAE2-42C0-BFC6-CCA9160F3CFE}.Release.ActiveCfg = Release|.NET
		{315EE7BF-EAE2-42C0-BFC6-CCA9160F3CFE}.Release.Build.0 = Release|.NET
		{B564FD33-FA50-46B2-B669-2D83DE3AF5E4}.Debug.ActiveCfg = Debug|.NET
		{B564FD33-FA50-46B2-B669-2D83DE3AF5E4}.Debug.Build.0 = Debug|.NET
		{B564FD33-FA50-46B2-B669-2D83DE3AF5E4}.Release.ActiveCfg = Release|.NET
		{B564FD33-FA50-46B2-B669-2D83DE3AF5E4}.Release.Build.0 = Release|.NET
		{80F14B3E-4F84-4B54-96CA-971D4D528107}.Debug.ActiveCfg = Debug|.NET
		{80F14B3E-4F84-4B54-96CA-971D4D528107}.Debug.Build.0 = Debug|.NET
		{80F14B3E-4F84-4B54-96CA-971D4D528107}.Release.ActiveCfg = Release|.NET
		{80F14B3E-4F84-4B54-96CA-971D4D528107}.Release.Build.0 = Release|.NET
	EndGlobalSection
	GlobalSection(ExtensibilityGlobals) = postSolution
	EndGlobalSection
	GlobalSection(ExtensibilityAddIns) = postSolution
	EndGlobalSection
EndGlobal
